
Microsoft Visual Studio Solution File, Format Version 12.00
# Visual Studio Version 16
VisualStudioVersion = 16.0.28922.388
MinimumVisualStudioVersion = 10.0.40219.1
Project("{9A19103F-16F7-4668-BE54-9A1E7A4F7556}") = "PokerChallenge", "PokerChallenge\PokerChallenge.csproj", "{E3C140AB-1C90-4BDE-AEEC-81A39CFDB53D}"
EndProject
Project("{9A19103F-16F7-4668-BE54-9A1E7A4F7556}") = "PokerCore", "PokerCore\PokerCore.csproj", "{E98DBE46-E49D-4AC0-B954-3F36117B339E}"
EndProject
Project("{9A19103F-16F7-4668-BE54-9A1E7A4F7556}") = "PokerTest", "PokerCoreTest\PokerTest.csproj", "{B5533A38-86D0-4729-9C6E-3331BB480332}"
EndProject
Project("{FAE04EC0-301F-11D3-BF4B-00C04F79EFBC}") = "PokerCovert", "PokerCovert\PokerCovert.csproj", "{ADD812BB-2F0E-4A45-83C9-8F5F7C8B9083}"
EndProject
Global
	GlobalSection(SolutionConfigurationPlatforms) = preSolution
		Debug|Any CPU = Debug|Any CPU
		Release|Any CPU = Release|Any CPU
	EndGlobalSection
	GlobalSection(ProjectConfigurationPlatforms) = postSolution
		{E3C140AB-1C90-4BDE-AEEC-81A39CFDB53D}.Debug|Any CPU.ActiveCfg = Debug|Any CPU
		{E3C140AB-1C90-4BDE-AEEC-81A39CFDB53D}.Debug|Any CPU.Build.0 = Debug|Any CPU
		{E3C140AB-1C90-4BDE-AEEC-81A39CFDB53D}.Release|Any CPU.ActiveCfg = Release|Any CPU
		{E3C140AB-1C90-4BDE-AEEC-81A39CFDB53D}.Release|Any CPU.Build.0 = Release|Any CPU
		{E98DBE46-E49D-4AC0-B954-3F36117B339E}.Debug|Any CPU.ActiveCfg = Debug|Any CPU
		{E98DBE46-E49D-4AC0-B954-3F36117B339E}.Debug|Any CPU.Build.0 = Debug|Any CPU
		{E98DBE46-E49D-4AC0-B954-3F36117B339E}.Release|Any CPU.ActiveCfg = Release|Any CPU
		{E98DBE46-E49D-4AC0-B954-3F36117B339E}.Release|Any CPU.Build.0 = Release|Any CPU
		{B5533A38-86D0-4729-9C6E-3331BB480332}.Debug|Any CPU.ActiveCfg = Debug|Any CPU
		{B5533A38-86D0-4729-9C6E-3331BB480332}.Debug|Any CPU.Build.0 = Debug|Any CPU
		{B5533A38-86D0-4729-9C6E-3331BB480332}.Release|Any CPU.ActiveCfg = Release|Any CPU
		{B5533A38-86D0-4729-9C6E-3331BB480332}.Release|Any CPU.Build.0 = Release|Any CPU
		{ADD812BB-2F0E-4A45-83C9-8F5F7C8B9083}.Debug|Any CPU.ActiveCfg = Debug|Any CPU
		{ADD812BB-2F0E-4A45-83C9-8F5F7C8B9083}.Debug|Any CPU.Build.0 = Debug|Any CPU
		{ADD812BB-2F0E-4A45-83C9-8F5F7C8B9083}.Release|Any CPU.ActiveCfg = Release|Any CPU
		{ADD812BB-2F0E-4A45-83C9-8F5F7C8B9083}.Release|Any CPU.Build.0 = Release|Any CPU
	EndGlobalSection
	GlobalSection(SolutionProperties) = preSolution
		HideSolutionNode = FALSE
	EndGlobalSection
	GlobalSection(ExtensibilityGlobals) = postSolution
		SolutionGuid = {B7F85C93-F3D9-4FE7-86C5-F9A19BB3E359}
	EndGlobalSection
EndGlobal
